
Microsoft Visual Studio Solution File, Format Version 12.00
# Visual Studio Version 17
Project("{8BC9CEB8-8B4A-11D0-8D11-00A0C91BC942}") = "ALL_BUILD", "ALL_BUILD.vcxproj", "{92ECFEB5-D168-30E3-9858-28B886B07BFD}"
	ProjectSection(ProjectDependencies) = postProject
		{847EA03D-B4D2-31E0-AE33-A9A9A9996352} = {847EA03D-B4D2-31E0-AE33-A9A9A9996352}
		{FB547454-6CD5-3EF5-BFAF-782D92CCB729} = {FB547454-6CD5-3EF5-BFAF-782D92CCB729}
	EndProjectSection
EndProject
Project("{8BC9CEB8-8B4A-11D0-8D11-00A0C91BC942}") = "ZERO_CHECK", "ZERO_CHECK.vcxproj", "{847EA03D-B4D2-31E0-AE33-A9A9A9996352}"
	ProjectSection(ProjectDependencies) = postProject
	EndProjectSection
EndProject
Project("{8BC9CEB8-8B4A-11D0-8D11-00A0C91BC942}") = "deimos", "deimos.vcxproj", "{FB547454-6CD5-3EF5-BFAF-782D92CCB729}"
	ProjectSection(ProjectDependencies) = postProject
		{847EA03D-B4D2-31E0-AE33-A9A9A9996352} = {847EA03D-B4D2-31E0-AE33-A9A9A9996352}
	EndProjectSection
EndProject
Global
	GlobalSection(SolutionConfigurationPlatforms) = preSolution
		Debug|x64 = Debug|x64
		Release|x64 = Release|x64
		MinSizeRel|x64 = MinSizeRel|x64
		RelWithDebInfo|x64 = RelWithDebInfo|x64
	EndGlobalSection
	GlobalSection(ProjectConfigurationPlatforms) = postSolution
		{92ECFEB5-D168-30E3-9858-28B886B07BFD}.Debug|x64.ActiveCfg = Debug|x64
		{92ECFEB5-D168-30E3-9858-28B886B07BFD}.Release|x64.ActiveCfg = Release|x64
		{92ECFEB5-D168-30E3-9858-28B886B07BFD}.MinSizeRel|x64.ActiveCfg = MinSizeRel|x64
		{92ECFEB5-D168-30E3-9858-28B886B07BFD}.RelWithDebInfo|x64.ActiveCfg = RelWithDebInfo|x64
		{847EA03D-B4D2-31E0-AE33-A9A9A9996352}.Debug|x64.ActiveCfg = Debug|x64
		{847EA03D-B4D2-31E0-AE33-A9A9A9996352}.Debug|x64.Build.0 = Debug|x64
		{847EA03D-B4D2-31E0-AE33-A9A9A9996352}.Release|x64.ActiveCfg = Release|x64
		{847EA03D-B4D2-31E0-AE33-A9A9A9996352}.Release|x64.Build.0 = Release|x64
		{847EA03D-B4D2-31E0-AE33-A9A9A9996352}.MinSizeRel|x64.ActiveCfg = MinSizeRel|x64
		{847EA03D-B4D2-31E0-AE33-A9A9A9996352}.MinSizeRel|x64.Build.0 = MinSizeRel|x64
		{847EA03D-B4D2-31E0-AE33-A9A9A9996352}.RelWithDebInfo|x64.ActiveCfg = RelWithDebInfo|x64
		{847EA03D-B4D2-31E0-AE33-A9A9A9996352}.RelWithDebInfo|x64.Build.0 = RelWithDebInfo|x64
		{FB547454-6CD5-3EF5-BFAF-782D92CCB729}.Debug|x64.ActiveCfg = Debug|x64
		{FB547454-6CD5-3EF5-BFAF-782D92CCB729}.Debug|x64.Build.0 = Debug|x64
		{FB547454-6CD5-3EF5-BFAF-782D92CCB729}.Release|x64.ActiveCfg = Release|x64
		{FB547454-6CD5-3EF5-BFAF-782D92CCB729}.Release|x64.Build.0 = Release|x64
		{FB547454-6CD5-3EF5-BFAF-782D92CCB729}.MinSizeRel|x64.ActiveCfg = MinSizeRel|x64
		{FB547454-6CD5-3EF5-BFAF-782D92CCB729}.MinSizeRel|x64.Build.0 = MinSizeRel|x64
		{FB547454-6CD5-3EF5-BFAF-782D92CCB729}.RelWithDebInfo|x64.ActiveCfg = RelWithDebInfo|x64
		{FB547454-6CD5-3EF5-BFAF-782D92CCB729}.RelWithDebInfo|x64.Build.0 = RelWithDebInfo|x64
	EndGlobalSection
	GlobalSection(ExtensibilityGlobals) = postSolution
		SolutionGuid = {2484C431-CBAF-35DE-8D1D-62CBAD910071}
	EndGlobalSection
	GlobalSection(ExtensibilityAddIns) = postSolution
	EndGlobalSection
EndGlobal
